// !$*UTF8*$!
{
	archiveVersion = 1;
	classes = {
	};
	objectVersion = 46;
	objects = {

/* Begin PBXBuildFile section */
		E2F8E5E6170CF9F300EB44EE /* UIKit.framework in Frameworks */ = {isa = PBXBuildFile; fileRef = E2F8E5E5170CF9F300EB44EE /* UIKit.framework */; };
		E2F8E5E8170CF9F300EB44EE /* Foundation.framework in Frameworks */ = {isa = PBXBuildFile; fileRef = E2F8E5E7170CF9F300EB44EE /* Foundation.framework */; };
		E2F8E5EA170CF9F300EB44EE /* CoreGraphics.framework in Frameworks */ = {isa = PBXBuildFile; fileRef = E2F8E5E9170CF9F300EB44EE /* CoreGraphics.framework */; };
		E2F8E5F0170CF9F300EB44EE /* InfoPlist.strings in Resources */ = {isa = PBXBuildFile; fileRef = E2F8E5EE170CF9F300EB44EE /* InfoPlist.strings */; };
		E2F8E5F2170CF9F300EB44EE /* main.m in Sources */ = {isa = PBXBuildFile; fileRef = E2F8E5F1170CF9F300EB44EE /* main.m */; };
		E2F8E5F6170CF9F300EB44EE /* AppDelegate.m in Sources */ = {isa = PBXBuildFile; fileRef = E2F8E5F5170CF9F300EB44EE /* AppDelegate.m */; };
		E2F8E5F8170CF9F300EB44EE /* Default.png in Resources */ = {isa = PBXBuildFile; fileRef = E2F8E5F7170CF9F300EB44EE /* Default.png */; };
		E2F8E5FA170CF9F300EB44EE /* Default@2x.png in Resources */ = {isa = PBXBuildFile; fileRef = E2F8E5F9170CF9F300EB44EE /* Default@2x.png */; };
		E2F8E5FC170CF9F300EB44EE /* Default-568h@2x.png in Resources */ = {isa = PBXBuildFile; fileRef = E2F8E5FB170CF9F300EB44EE /* Default-568h@2x.png */; };
		E2F8E5FF170CF9F300EB44EE /* MainStoryboard.storyboard in Resources */ = {isa = PBXBuildFile; fileRef = E2F8E5FD170CF9F300EB44EE /* MainStoryboard.storyboard */; };
		E2F8E602170CF9F300EB44EE /* MasterViewController.m in Sources */ = {isa = PBXBuildFile; fileRef = E2F8E601170CF9F300EB44EE /* MasterViewController.m */; };
		E2F8E605170CF9F300EB44EE /* DetailViewController.m in Sources */ = {isa = PBXBuildFile; fileRef = E2F8E604170CF9F300EB44EE /* DetailViewController.m */; };
		E2F8E60C170CF9FA00EB44EE /* Security.framework in Frameworks */ = {isa = PBXBuildFile; fileRef = E2F8E60B170CF9FA00EB44EE /* Security.framework */; };
		E2F8E60F170CFA4400EB44EE /* KeychainItemWrapper.m in Sources */ = {isa = PBXBuildFile; fileRef = E2F8E60E170CFA4400EB44EE /* KeychainItemWrapper.m */; };
		E2F8E612170CFB8900EB44EE /* CCCryptHelper.m in Sources */ = {isa = PBXBuildFile; fileRef = E2F8E611170CFB8900EB44EE /* CCCryptHelper.m */; };
		E2F8E617170D078100EB44EE /* PasswordManager.m in Sources */ = {isa = PBXBuildFile; fileRef = E2F8E616170D078100EB44EE /* PasswordManager.m */; };
		E2F8E61C170F819000EB44EE /* Utilities.m in Sources */ = {isa = PBXBuildFile; fileRef = E2F8E61B170F819000EB44EE /* Utilities.m */; };
/* End PBXBuildFile section */

/* Begin PBXFileReference section */
		E2F8E5E2170CF9F300EB44EE /* OpenSafe.app */ = {isa = PBXFileReference; explicitFileType = wrapper.application; includeInIndex = 0; path = OpenSafe.app; sourceTree = BUILT_PRODUCTS_DIR; };
		E2F8E5E5170CF9F300EB44EE /* UIKit.framework */ = {isa = PBXFileReference; lastKnownFileType = wrapper.framework; name = UIKit.framework; path = System/Library/Frameworks/UIKit.framework; sourceTree = SDKROOT; };
		E2F8E5E7170CF9F300EB44EE /* Foundation.framework */ = {isa = PBXFileReference; lastKnownFileType = wrapper.framework; name = Foundation.framework; path = System/Library/Frameworks/Foundation.framework; sourceTree = SDKROOT; };
		E2F8E5E9170CF9F300EB44EE /* CoreGraphics.framework */ = {isa = PBXFileReference; lastKnownFileType = wrapper.framework; name = CoreGraphics.framework; path = System/Library/Frameworks/CoreGraphics.framework; sourceTree = SDKROOT; };
		E2F8E5ED170CF9F300EB44EE /* OpenSafe-Info.plist */ = {isa = PBXFileReference; lastKnownFileType = text.plist.xml; path = "OpenSafe-Info.plist"; sourceTree = "<group>"; };
		E2F8E5EF170CF9F300EB44EE /* en */ = {isa = PBXFileReference; lastKnownFileType = text.plist.strings; name = en; path = en.lproj/InfoPlist.strings; sourceTree = "<group>"; };
		E2F8E5F1170CF9F300EB44EE /* main.m */ = {isa = PBXFileReference; lastKnownFileType = sourcecode.c.objc; path = main.m; sourceTree = "<group>"; };
		E2F8E5F3170CF9F300EB44EE /* OpenSafe-Prefix.pch */ = {isa = PBXFileReference; lastKnownFileType = sourcecode.c.h; path = "OpenSafe-Prefix.pch"; sourceTree = "<group>"; };
		E2F8E5F4170CF9F300EB44EE /* AppDelegate.h */ = {isa = PBXFileReference; lastKnownFileType = sourcecode.c.h; path = AppDelegate.h; sourceTree = "<group>"; };
		E2F8E5F5170CF9F300EB44EE /* AppDelegate.m */ = {isa = PBXFileReference; lastKnownFileType = sourcecode.c.objc; path = AppDelegate.m; sourceTree = "<group>"; };
		E2F8E5F7170CF9F300EB44EE /* Default.png */ = {isa = PBXFileReference; lastKnownFileType = image.png; path = Default.png; sourceTree = "<group>"; };
		E2F8E5F9170CF9F300EB44EE /* Default@2x.png */ = {isa = PBXFileReference; lastKnownFileType = image.png; path = "Default@2x.png"; sourceTree = "<group>"; };
		E2F8E5FB170CF9F300EB44EE /* Default-568h@2x.png */ = {isa = PBXFileReference; lastKnownFileType = image.png; path = "Default-568h@2x.png"; sourceTree = "<group>"; };
		E2F8E5FE170CF9F300EB44EE /* en */ = {isa = PBXFileReference; lastKnownFileType = file.storyboard; name = en; path = en.lproj/MainStoryboard.storyboard; sourceTree = "<group>"; };
		E2F8E600170CF9F300EB44EE /* MasterViewController.h */ = {isa = PBXFileReference; lastKnownFileType = sourcecode.c.h; path = MasterViewController.h; sourceTree = "<group>"; };
		E2F8E601170CF9F300EB44EE /* MasterViewController.m */ = {isa = PBXFileReference; lastKnownFileType = sourcecode.c.objc; path = MasterViewController.m; sourceTree = "<group>"; };
		E2F8E603170CF9F300EB44EE /* DetailViewController.h */ = {isa = PBXFileReference; lastKnownFileType = sourcecode.c.h; path = DetailViewController.h; sourceTree = "<group>"; };
		E2F8E604170CF9F300EB44EE /* DetailViewController.m */ = {isa = PBXFileReference; lastKnownFileType = sourcecode.c.objc; path = DetailViewController.m; sourceTree = "<group>"; };
		E2F8E60B170CF9FA00EB44EE /* Security.framework */ = {isa = PBXFileReference; lastKnownFileType = wrapper.framework; name = Security.framework; path = System/Library/Frameworks/Security.framework; sourceTree = SDKROOT; };
		E2F8E60D170CFA4400EB44EE /* KeychainItemWrapper.h */ = {isa = PBXFileReference; fileEncoding = 4; lastKnownFileType = sourcecode.c.h; path = KeychainItemWrapper.h; sourceTree = "<group>"; };
		E2F8E60E170CFA4400EB44EE /* KeychainItemWrapper.m */ = {isa = PBXFileReference; fileEncoding = 4; lastKnownFileType = sourcecode.c.objc; path = KeychainItemWrapper.m; sourceTree = "<group>"; };
		E2F8E610170CFB8900EB44EE /* CCCryptHelper.h */ = {isa = PBXFileReference; fileEncoding = 4; lastKnownFileType = sourcecode.c.h; path = CCCryptHelper.h; sourceTree = "<group>"; };
		E2F8E611170CFB8900EB44EE /* CCCryptHelper.m */ = {isa = PBXFileReference; fileEncoding = 4; lastKnownFileType = sourcecode.c.objc; path = CCCryptHelper.m; sourceTree = "<group>"; };
		E2F8E613170CFC2100EB44EE /* libcommonCrypto.dylib */ = {isa = PBXFileReference; lastKnownFileType = "compiled.mach-o.dylib"; name = libcommonCrypto.dylib; path = usr/lib/system/libcommonCrypto.dylib; sourceTree = SDKROOT; };
		E2F8E615170D078100EB44EE /* PasswordManager.h */ = {isa = PBXFileReference; fileEncoding = 4; lastKnownFileType = sourcecode.c.h; path = PasswordManager.h; sourceTree = "<group>"; };
		E2F8E616170D078100EB44EE /* PasswordManager.m */ = {isa = PBXFileReference; fileEncoding = 4; lastKnownFileType = sourcecode.c.objc; path = PasswordManager.m; sourceTree = "<group>"; };
		E2F8E61A170F819000EB44EE /* Utilities.h */ = {isa = PBXFileReference; fileEncoding = 4; lastKnownFileType = sourcecode.c.h; path = Utilities.h; sourceTree = "<group>"; };
		E2F8E61B170F819000EB44EE /* Utilities.m */ = {isa = PBXFileReference; fileEncoding = 4; lastKnownFileType = sourcecode.c.objc; path = Utilities.m; sourceTree = "<group>"; };
/* End PBXFileReference section */

/* Begin PBXFrameworksBuildPhase section */
		E2F8E5DF170CF9F300EB44EE /* Frameworks */ = {
			isa = PBXFrameworksBuildPhase;
			buildActionMask = 2147483647;
			files = (
				E2F8E60C170CF9FA00EB44EE /* Security.framework in Frameworks */,
				E2F8E5E6170CF9F300EB44EE /* UIKit.framework in Frameworks */,
				E2F8E5E8170CF9F300EB44EE /* Foundation.framework in Frameworks */,
				E2F8E5EA170CF9F300EB44EE /* CoreGraphics.framework in Frameworks */,
			);
			runOnlyForDeploymentPostprocessing = 0;
		};
/* End PBXFrameworksBuildPhase section */

/* Begin PBXGroup section */
		E2F8E5D9170CF9F300EB44EE = {
			isa = PBXGroup;
			children = (
				E2F8E613170CFC2100EB44EE /* libcommonCrypto.dylib */,
				E2F8E60B170CF9FA00EB44EE /* Security.framework */,
				E2F8E5EB170CF9F300EB44EE /* OpenSafe */,
				E2F8E5E4170CF9F300EB44EE /* Frameworks */,
				E2F8E5E3170CF9F300EB44EE /* Products */,
			);
			sourceTree = "<group>";
		};
		E2F8E5E3170CF9F300EB44EE /* Products */ = {
			isa = PBXGroup;
			children = (
				E2F8E5E2170CF9F300EB44EE /* OpenSafe.app */,
			);
			name = Products;
			sourceTree = "<group>";
		};
		E2F8E5E4170CF9F300EB44EE /* Frameworks */ = {
			isa = PBXGroup;
			children = (
				E2F8E5E5170CF9F300EB44EE /* UIKit.framework */,
				E2F8E5E7170CF9F300EB44EE /* Foundation.framework */,
				E2F8E5E9170CF9F300EB44EE /* CoreGraphics.framework */,
			);
			name = Frameworks;
			sourceTree = "<group>";
		};
		E2F8E5EB170CF9F300EB44EE /* OpenSafe */ = {
			isa = PBXGroup;
			children = (
				E2F8E60D170CFA4400EB44EE /* KeychainItemWrapper.h */,
				E2F8E60E170CFA4400EB44EE /* KeychainItemWrapper.m */,
				E2F8E615170D078100EB44EE /* PasswordManager.h */,
				E2F8E616170D078100EB44EE /* PasswordManager.m */,
				E2F8E5F4170CF9F300EB44EE /* AppDelegate.h */,
				E2F8E5F5170CF9F300EB44EE /* AppDelegate.m */,
				E2F8E5FD170CF9F300EB44EE /* MainStoryboard.storyboard */,
				E2F8E600170CF9F300EB44EE /* MasterViewController.h */,
				E2F8E601170CF9F300EB44EE /* MasterViewController.m */,
				E2F8E603170CF9F300EB44EE /* DetailViewController.h */,
				E2F8E604170CF9F300EB44EE /* DetailViewController.m */,
				E2F8E5EC170CF9F300EB44EE /* Supporting Files */,
				E2F8E610170CFB8900EB44EE /* CCCryptHelper.h */,
				E2F8E611170CFB8900EB44EE /* CCCryptHelper.m */,
				E2F8E61A170F819000EB44EE /* Utilities.h */,
				E2F8E61B170F819000EB44EE /* Utilities.m */,
			);
			path = OpenSafe;
			sourceTree = "<group>";
		};
		E2F8E5EC170CF9F300EB44EE /* Supporting Files */ = {
			isa = PBXGroup;
			children = (
				E2F8E5ED170CF9F300EB44EE /* OpenSafe-Info.plist */,
				E2F8E5EE170CF9F300EB44EE /* InfoPlist.strings */,
				E2F8E5F1170CF9F300EB44EE /* main.m */,
				E2F8E5F3170CF9F300EB44EE /* OpenSafe-Prefix.pch */,
				E2F8E5F7170CF9F300EB44EE /* Default.png */,
				E2F8E5F9170CF9F300EB44EE /* Default@2x.png */,
				E2F8E5FB170CF9F300EB44EE /* Default-568h@2x.png */,
			);
			name = "Supporting Files";
			sourceTree = "<group>";
		};
/* End PBXGroup section */

/* Begin PBXNativeTarget section */
		E2F8E5E1170CF9F300EB44EE /* OpenSafe */ = {
			isa = PBXNativeTarget;
			buildConfigurationList = E2F8E608170CF9F300EB44EE /* Build configuration list for PBXNativeTarget "OpenSafe" */;
			buildPhases = (
				E2F8E5DE170CF9F300EB44EE /* Sources */,
				E2F8E5DF170CF9F300EB44EE /* Frameworks */,
				E2F8E5E0170CF9F300EB44EE /* Resources */,
			);
			buildRules = (
			);
			dependencies = (
			);
			name = OpenSafe;
			productName = OpenSafe;
			productReference = E2F8E5E2170CF9F300EB44EE /* OpenSafe.app */;
			productType = "com.apple.product-type.application";
		};
/* End PBXNativeTarget section */

/* Begin PBXProject section */
		E2F8E5DA170CF9F300EB44EE /* Project object */ = {
			isa = PBXProject;
			attributes = {
				LastUpgradeCheck = 0460;
			};
			buildConfigurationList = E2F8E5DD170CF9F300EB44EE /* Build configuration list for PBXProject "OpenSafe" */;
			compatibilityVersion = "Xcode 3.2";
			developmentRegion = English;
			hasScannedForEncodings = 0;
			knownRegions = (
				en,
			);
			mainGroup = E2F8E5D9170CF9F300EB44EE;
			productRefGroup = E2F8E5E3170CF9F300EB44EE /* Products */;
			projectDirPath = "";
			projectRoot = "";
			targets = (
				E2F8E5E1170CF9F300EB44EE /* OpenSafe */,
			);
		};
/* End PBXProject section */

/* Begin PBXResourcesBuildPhase section */
		E2F8E5E0170CF9F300EB44EE /* Resources */ = {
			isa = PBXResourcesBuildPhase;
			buildActionMask = 2147483647;
			files = (
				E2F8E5F0170CF9F300EB44EE /* InfoPlist.strings in Resources */,
				E2F8E5F8170CF9F300EB44EE /* Default.png in Resources */,
				E2F8E5FA170CF9F300EB44EE /* Default@2x.png in Resources */,
				E2F8E5FC170CF9F300EB44EE /* Default-568h@2x.png in Resources */,
				E2F8E5FF170CF9F300EB44EE /* MainStoryboard.storyboard in Resources */,
			);
			runOnlyForDeploymentPostprocessing = 0;
		};
/* End PBXResourcesBuildPhase section */

/* Begin PBXSourcesBuildPhase section */
		E2F8E5DE170CF9F300EB44EE /* Sources */ = {
			isa = PBXSourcesBuildPhase;
			buildActionMask = 2147483647;
			files = (
				E2F8E5F2170CF9F300EB44EE /* main.m in Sources */,
				E2F8E5F6170CF9F300EB44EE /* AppDelegate.m in Sources */,
				E2F8E602170CF9F300EB44EE /* MasterViewController.m in Sources */,
				E2F8E605170CF9F300EB44EE /* DetailViewController.m in Sources */,
				E2F8E60F170CFA4400EB44EE /* KeychainItemWrapper.m in Sources */,
				E2F8E612170CFB8900EB44EE /* CCCryptHelper.m in Sources */,
				E2F8E617170D078100EB44EE /* PasswordManager.m in Sources */,
				E2F8E61C170F819000EB44EE /* Utilities.m in Sources */,
			);
			runOnlyForDeploymentPostprocessing = 0;
		};
/* End PBXSourcesBuildPhase section */

/* Begin PBXVariantGroup section */
		E2F8E5EE170CF9F300EB44EE /* InfoPlist.strings */ = {
			isa = PBXVariantGroup;
			children = (
				E2F8E5EF170CF9F300EB44EE /* en */,
			);
			name = InfoPlist.strings;
			sourceTree = "<group>";
		};
		E2F8E5FD170CF9F300EB44EE /* MainStoryboard.storyboard */ = {
			isa = PBXVariantGroup;
			children = (
				E2F8E5FE170CF9F300EB44EE /* en */,
			);
			name = MainStoryboard.storyboard;
			sourceTree = "<group>";
		};
/* End PBXVariantGroup section */

/* Begin XCBuildConfiguration section */
		E2F8E606170CF9F300EB44EE /* Debug */ = {
			isa = XCBuildConfiguration;
			buildSettings = {
				ALWAYS_SEARCH_USER_PATHS = NO;
				CLANG_CXX_LANGUAGE_STANDARD = "gnu++0x";
				CLANG_CXX_LIBRARY = "libc++";
				CLANG_ENABLE_OBJC_ARC = YES;
				CLANG_WARN_CONSTANT_CONVERSION = YES;
				CLANG_WARN_EMPTY_BODY = YES;
				CLANG_WARN_ENUM_CONVERSION = YES;
				CLANG_WARN_INT_CONVERSION = YES;
				CLANG_WARN__DUPLICATE_METHOD_MATCH = YES;
				"CODE_SIGN_IDENTITY[sdk=iphoneos*]" = "iPhone Developer";
				COPY_PHASE_STRIP = NO;
				GCC_C_LANGUAGE_STANDARD = gnu99;
				GCC_DYNAMIC_NO_PIC = NO;
				GCC_OPTIMIZATION_LEVEL = 0;
				GCC_PREPROCESSOR_DEFINITIONS = (
					"DEBUG=1",
					"$(inherited)",
				);
				GCC_SYMBOLS_PRIVATE_EXTERN = NO;
				GCC_WARN_ABOUT_RETURN_TYPE = YES;
				GCC_WARN_UNINITIALIZED_AUTOS = YES;
				GCC_WARN_UNUSED_VARIABLE = YES;
				IPHONEOS_DEPLOYMENT_TARGET = 6.1;
				ONLY_ACTIVE_ARCH = YES;
				SDKROOT = iphoneos;
			};
			name = Debug;
		};
		E2F8E607170CF9F300EB44EE /* Release */ = {
			isa = XCBuildConfiguration;
			buildSettings = {
				ALWAYS_SEARCH_USER_PATHS = NO;
				CLANG_CXX_LANGUAGE_STANDARD = "gnu++0x";
				CLANG_CXX_LIBRARY = "libc++";
				CLANG_ENABLE_OBJC_ARC = YES;
				CLANG_WARN_CONSTANT_CONVERSION = YES;
				CLANG_WARN_EMPTY_BODY = YES;
				CLANG_WARN_ENUM_CONVERSION = YES;
				CLANG_WARN_INT_CONVERSION = YES;
				CLANG_WARN__DUPLICATE_METHOD_MATCH = YES;
				"CODE_SIGN_IDENTITY[sdk=iphoneos*]" = "iPhone Developer";
				COPY_PHASE_STRIP = YES;
				GCC_C_LANGUAGE_STANDARD = gnu99;
				GCC_WARN_ABOUT_RETURN_TYPE = YES;
				GCC_WARN_UNINITIALIZED_AUTOS = YES;
				GCC_WARN_UNUSED_VARIABLE = YES;
				IPHONEOS_DEPLOYMENT_TARGET = 6.1;
				OTHER_CFLAGS = "-DNS_BLOCK_ASSERTIONS=1";
				SDKROOT = iphoneos;
				VALIDATE_PRODUCT = YES;
			};
			name = Release;
		};
		E2F8E609170CF9F300EB44EE /* Debug */ = {
			isa = XCBuildConfiguration;
			buildSettings = {
				GCC_PRECOMPILE_PREFIX_HEADER = YES;
				GCC_PREFIX_HEADER = "OpenSafe/OpenSafe-Prefix.pch";
				INFOPLIST_FILE = "OpenSafe/OpenSafe-Info.plist";
				LIBRARY_SEARCH_PATHS = (
					"$(inherited)",
					"\"$(SDKROOT)/usr/lib/system\"",
				);
				PRODUCT_NAME = "$(TARGET_NAME)";
				WRAPPER_EXTENSION = app;
			};
			name = Debug;
		};
		E2F8E60A170CF9F300EB44EE /* Release */ = {
			isa = XCBuildConfiguration;
			buildSettings = {
				GCC_PRECOMPILE_PREFIX_HEADER = YES;
				GCC_PREFIX_HEADER = "OpenSafe/OpenSafe-Prefix.pch";
				INFOPLIST_FILE = "OpenSafe/OpenSafe-Info.plist";
				LIBRARY_SEARCH_PATHS = (
					"$(inherited)",
					"\"$(SDKROOT)/usr/lib/system\"",
				);
				PRODUCT_NAME = "$(TARGET_NAME)";
				WRAPPER_EXTENSION = app;
			};
			name = Release;
		};
/* End XCBuildConfiguration section */

/* Begin XCConfigurationList section */
		E2F8E5DD170CF9F300EB44EE /* Build configuration list for PBXProject "OpenSafe" */ = {
			isa = XCConfigurationList;
			buildConfigurations = (
				E2F8E606170CF9F300EB44EE /* Debug */,
				E2F8E607170CF9F300EB44EE /* Release */,
			);
			defaultConfigurationIsVisible = 0;
			defaultConfigurationName = Release;
		};
		E2F8E608170CF9F300EB44EE /* Build configuration list for PBXNativeTarget "OpenSafe" */ = {
			isa = XCConfigurationList;
			buildConfigurations = (
				E2F8E609170CF9F300EB44EE /* Debug */,
				E2F8E60A170CF9F300EB44EE /* Release */,
			);
			defaultConfigurationIsVisible = 0;
			defaultConfigurationName = Release;
		};
/* End XCConfigurationList section */
	};
	rootObject = E2F8E5DA170CF9F300EB44EE /* Project object */;
}
